
Microsoft Visual Studio Solution File, Format Version 12.00
# Visual Studio Version 16
VisualStudioVersion = 16.0.31112.23
MinimumVisualStudioVersion = 10.0.40219.1
Project("{D2ABAB84-BF74-430A-B69E-9DC6D40DDA17}") = "Agency_DW_visual", "Agency_DW_visual\Agency_DW_visual.dwproj", "{0F4CA2E9-25FB-4D60-AFFA-65E45371F17C}"
EndProject
Global
	GlobalSection(SolutionConfigurationPlatforms) = preSolution
		Development|Default = Development|Default
	EndGlobalSection
	GlobalSection(ProjectConfigurationPlatforms) = postSolution
		{0F4CA2E9-25FB-4D60-AFFA-65E45371F17C}.Development|Default.ActiveCfg = Development
		{0F4CA2E9-25FB-4D60-AFFA-65E45371F17C}.Development|Default.Build.0 = Development
		{0F4CA2E9-25FB-4D60-AFFA-65E45371F17C}.Development|Default.Deploy.0 = Development
	EndGlobalSection
	GlobalSection(SolutionProperties) = preSolution
		HideSolutionNode = FALSE
	EndGlobalSection
	GlobalSection(ExtensibilityGlobals) = postSolution
		SolutionGuid = {F9B7E291-0417-4E7A-92D0-0F8FF4B1C3EB}
	EndGlobalSection
EndGlobal
